// !$*UTF8*$!
{
	archiveVersion = 1;
	classes = {
	};
	objectVersion = 46;
	objects = {

/* Begin PBXBuildFile section */
		4B6A305B1F292F1400973661 /* NickNameVC.swift in Sources */ = {isa = PBXBuildFile; fileRef = 4B6A305A1F292F1400973661 /* NickNameVC.swift */; };
		4B6A30681F293E5800973661 /* Messages.swift in Sources */ = {isa = PBXBuildFile; fileRef = 4B6A30651F293E5800973661 /* Messages.swift */; };
		4B6A30691F293E5800973661 /* MessageServiceResponseModel.swift in Sources */ = {isa = PBXBuildFile; fileRef = 4B6A30661F293E5800973661 /* MessageServiceResponseModel.swift */; };
		4B6A306A1F293E5800973661 /* User.swift in Sources */ = {isa = PBXBuildFile; fileRef = 4B6A30671F293E5800973661 /* User.swift */; };
		4B9863B21F292A0600C2ED00 /* AppDelegate.swift in Sources */ = {isa = PBXBuildFile; fileRef = 4B9863B11F292A0600C2ED00 /* AppDelegate.swift */; };
		4B9863B71F292A0600C2ED00 /* Main.storyboard in Resources */ = {isa = PBXBuildFile; fileRef = 4B9863B51F292A0600C2ED00 /* Main.storyboard */; };
		4B9863B91F292A0600C2ED00 /* Assets.xcassets in Resources */ = {isa = PBXBuildFile; fileRef = 4B9863B81F292A0600C2ED00 /* Assets.xcassets */; };
		4B9863BC1F292A0600C2ED00 /* LaunchScreen.storyboard in Resources */ = {isa = PBXBuildFile; fileRef = 4B9863BA1F292A0600C2ED00 /* LaunchScreen.storyboard */; };
		4B98F06D1F2A7012003B1FB2 /* ChatVC.swift in Sources */ = {isa = PBXBuildFile; fileRef = 4B98F06C1F2A7012003B1FB2 /* ChatVC.swift */; };
		4B98F06F1F2A85E7003B1FB2 /* MessageCollectionViewCell.swift in Sources */ = {isa = PBXBuildFile; fileRef = 4B98F06E1F2A85E7003B1FB2 /* MessageCollectionViewCell.swift */; };
		92F32A2752E0956A45983747 /* Pods_Messenger.framework in Frameworks */ = {isa = PBXBuildFile; fileRef = B0AE4740481EC502C02F8D6A /* Pods_Messenger.framework */; };
/* End PBXBuildFile section */

/* Begin PBXFileReference section */
		1E580EB504CEB6D115339318 /* Pods-Messenger.debug.xcconfig */ = {isa = PBXFileReference; includeInIndex = 1; lastKnownFileType = text.xcconfig; name = "Pods-Messenger.debug.xcconfig"; path = "Pods/Target Support Files/Pods-Messenger/Pods-Messenger.debug.xcconfig"; sourceTree = "<group>"; };
		4B6A305A1F292F1400973661 /* NickNameVC.swift */ = {isa = PBXFileReference; fileEncoding = 4; lastKnownFileType = sourcecode.swift; name = NickNameVC.swift; path = ViewControllers/NickNameVC.swift; sourceTree = "<group>"; };
		4B6A30651F293E5800973661 /* Messages.swift */ = {isa = PBXFileReference; fileEncoding = 4; lastKnownFileType = sourcecode.swift; path = Messages.swift; sourceTree = "<group>"; };
		4B6A30661F293E5800973661 /* MessageServiceResponseModel.swift */ = {isa = PBXFileReference; fileEncoding = 4; lastKnownFileType = sourcecode.swift; path = MessageServiceResponseModel.swift; sourceTree = "<group>"; };
		4B6A30671F293E5800973661 /* User.swift */ = {isa = PBXFileReference; fileEncoding = 4; lastKnownFileType = sourcecode.swift; path = User.swift; sourceTree = "<group>"; };
		4B9863AE1F292A0600C2ED00 /* Messenger.app */ = {isa = PBXFileReference; explicitFileType = wrapper.application; includeInIndex = 0; path = Messenger.app; sourceTree = BUILT_PRODUCTS_DIR; };
		4B9863B11F292A0600C2ED00 /* AppDelegate.swift */ = {isa = PBXFileReference; lastKnownFileType = sourcecode.swift; path = AppDelegate.swift; sourceTree = "<group>"; };
		4B9863B61F292A0600C2ED00 /* Base */ = {isa = PBXFileReference; lastKnownFileType = file.storyboard; name = Base; path = Base.lproj/Main.storyboard; sourceTree = "<group>"; };
		4B9863B81F292A0600C2ED00 /* Assets.xcassets */ = {isa = PBXFileReference; lastKnownFileType = folder.assetcatalog; path = Assets.xcassets; sourceTree = "<group>"; };
		4B9863BB1F292A0600C2ED00 /* Base */ = {isa = PBXFileReference; lastKnownFileType = file.storyboard; name = Base; path = Base.lproj/LaunchScreen.storyboard; sourceTree = "<group>"; };
		4B9863BD1F292A0600C2ED00 /* Info.plist */ = {isa = PBXFileReference; lastKnownFileType = text.plist.xml; path = Info.plist; sourceTree = "<group>"; };
		4B98F06C1F2A7012003B1FB2 /* ChatVC.swift */ = {isa = PBXFileReference; fileEncoding = 4; lastKnownFileType = sourcecode.swift; name = ChatVC.swift; path = ViewControllers/ChatVC.swift; sourceTree = "<group>"; };
		4B98F06E1F2A85E7003B1FB2 /* MessageCollectionViewCell.swift */ = {isa = PBXFileReference; fileEncoding = 4; lastKnownFileType = sourcecode.swift; name = MessageCollectionViewCell.swift; path = ViewControllers/MessageCollectionViewCell.swift; sourceTree = "<group>"; };
		B0AE4740481EC502C02F8D6A /* Pods_Messenger.framework */ = {isa = PBXFileReference; explicitFileType = wrapper.framework; includeInIndex = 0; path = Pods_Messenger.framework; sourceTree = BUILT_PRODUCTS_DIR; };
		C39FC8AA19586B2ECF98A379 /* Pods-Messenger.release.xcconfig */ = {isa = PBXFileReference; includeInIndex = 1; lastKnownFileType = text.xcconfig; name = "Pods-Messenger.release.xcconfig"; path = "Pods/Target Support Files/Pods-Messenger/Pods-Messenger.release.xcconfig"; sourceTree = "<group>"; };
/* End PBXFileReference section */

/* Begin PBXFrameworksBuildPhase section */
		4B9863AB1F292A0600C2ED00 /* Frameworks */ = {
			isa = PBXFrameworksBuildPhase;
			buildActionMask = 2147483647;
			files = (
				92F32A2752E0956A45983747 /* Pods_Messenger.framework in Frameworks */,
			);
			runOnlyForDeploymentPostprocessing = 0;
		};
/* End PBXFrameworksBuildPhase section */

/* Begin PBXGroup section */
		45C1FC34EB06F315F14968ED /* Pods */ = {
			isa = PBXGroup;
			children = (
				1E580EB504CEB6D115339318 /* Pods-Messenger.debug.xcconfig */,
				C39FC8AA19586B2ECF98A379 /* Pods-Messenger.release.xcconfig */,
			);
			name = Pods;
			sourceTree = "<group>";
		};
		4B4C5A581F2A6DF6003E223B /* Controllers */ = {
			isa = PBXGroup;
			children = (
				4B6A305A1F292F1400973661 /* NickNameVC.swift */,
				4B98F06C1F2A7012003B1FB2 /* ChatVC.swift */,
				4B98F06E1F2A85E7003B1FB2 /* MessageCollectionViewCell.swift */,
			);
			name = Controllers;
			sourceTree = "<group>";
		};
		4B6A30591F292E6E00973661 /* Supporting Files */ = {
			isa = PBXGroup;
			children = (
				4B9863BD1F292A0600C2ED00 /* Info.plist */,
			);
			name = "Supporting Files";
			sourceTree = "<group>";
		};
		4B6A305E1F293B1900973661 /* Models */ = {
			isa = PBXGroup;
			children = (
				4B6A30651F293E5800973661 /* Messages.swift */,
				4B6A30661F293E5800973661 /* MessageServiceResponseModel.swift */,
				4B6A30671F293E5800973661 /* User.swift */,
			);
			name = Models;
			sourceTree = "<group>";
		};
		4B9863A51F292A0600C2ED00 = {
			isa = PBXGroup;
			children = (
				4B9863B01F292A0600C2ED00 /* Messenger */,
				4B9863AF1F292A0600C2ED00 /* Products */,
				45C1FC34EB06F315F14968ED /* Pods */,
				DAC1D5745221D228F5139714 /* Frameworks */,
			);
			sourceTree = "<group>";
		};
		4B9863AF1F292A0600C2ED00 /* Products */ = {
			isa = PBXGroup;
			children = (
				4B9863AE1F292A0600C2ED00 /* Messenger.app */,
			);
			name = Products;
			sourceTree = "<group>";
		};
		4B9863B01F292A0600C2ED00 /* Messenger */ = {
			isa = PBXGroup;
			children = (
				4B6A30591F292E6E00973661 /* Supporting Files */,
				4B6A305E1F293B1900973661 /* Models */,
				4B9863B11F292A0600C2ED00 /* AppDelegate.swift */,
				4B4C5A581F2A6DF6003E223B /* Controllers */,
				4B9863B51F292A0600C2ED00 /* Main.storyboard */,
				4B9863B81F292A0600C2ED00 /* Assets.xcassets */,
				4B9863BA1F292A0600C2ED00 /* LaunchScreen.storyboard */,
			);
			path = Messenger;
			sourceTree = "<group>";
		};
		DAC1D5745221D228F5139714 /* Frameworks */ = {
			isa = PBXGroup;
			children = (
				B0AE4740481EC502C02F8D6A /* Pods_Messenger.framework */,
			);
			name = Frameworks;
			sourceTree = "<group>";
		};
/* End PBXGroup section */

/* Begin PBXNativeTarget section */
		4B9863AD1F292A0600C2ED00 /* Messenger */ = {
			isa = PBXNativeTarget;
			buildConfigurationList = 4B9863C01F292A0600C2ED00 /* Build configuration list for PBXNativeTarget "Messenger" */;
			buildPhases = (
				C1D5DC9268D33ACEEC5F7ACD /* [CP] Check Pods Manifest.lock */,
				4B9863AA1F292A0600C2ED00 /* Sources */,
				4B9863AB1F292A0600C2ED00 /* Frameworks */,
				4B9863AC1F292A0600C2ED00 /* Resources */,
				D954F3DB12E0ACD0A943F0B0 /* [CP] Embed Pods Frameworks */,
				690DFCAAD5705C6941B2F064 /* [CP] Copy Pods Resources */,
			);
			buildRules = (
			);
			dependencies = (
			);
			name = Messenger;
			productName = Messenger;
			productReference = 4B9863AE1F292A0600C2ED00 /* Messenger.app */;
			productType = "com.apple.product-type.application";
		};
/* End PBXNativeTarget section */

/* Begin PBXProject section */
		4B9863A61F292A0600C2ED00 /* Project object */ = {
			isa = PBXProject;
			attributes = {
				LastSwiftUpdateCheck = 0830;
				LastUpgradeCheck = 0830;
				ORGANIZATIONNAME = "Kemal Bayar";
				TargetAttributes = {
					4B9863AD1F292A0600C2ED00 = {
						CreatedOnToolsVersion = 8.3.2;
						ProvisioningStyle = Automatic;
					};
				};
			};
			buildConfigurationList = 4B9863A91F292A0600C2ED00 /* Build configuration list for PBXProject "Messenger" */;
			compatibilityVersion = "Xcode 3.2";
			developmentRegion = English;
			hasScannedForEncodings = 0;
			knownRegions = (
				en,
				Base,
			);
			mainGroup = 4B9863A51F292A0600C2ED00;
			productRefGroup = 4B9863AF1F292A0600C2ED00 /* Products */;
			projectDirPath = "";
			projectRoot = "";
			targets = (
				4B9863AD1F292A0600C2ED00 /* Messenger */,
			);
		};
/* End PBXProject section */

/* Begin PBXResourcesBuildPhase section */
		4B9863AC1F292A0600C2ED00 /* Resources */ = {
			isa = PBXResourcesBuildPhase;
			buildActionMask = 2147483647;
			files = (
				4B9863BC1F292A0600C2ED00 /* LaunchScreen.storyboard in Resources */,
				4B9863B91F292A0600C2ED00 /* Assets.xcassets in Resources */,
				4B9863B71F292A0600C2ED00 /* Main.storyboard in Resources */,
			);
			runOnlyForDeploymentPostprocessing = 0;
		};
/* End PBXResourcesBuildPhase section */

/* Begin PBXShellScriptBuildPhase section */
		690DFCAAD5705C6941B2F064 /* [CP] Copy Pods Resources */ = {
			isa = PBXShellScriptBuildPhase;
			buildActionMask = 2147483647;
			files = (
			);
			inputPaths = (
			);
			name = "[CP] Copy Pods Resources";
			outputPaths = (
			);
			runOnlyForDeploymentPostprocessing = 0;
			shellPath = /bin/sh;
			shellScript = "\"${SRCROOT}/Pods/Target Support Files/Pods-Messenger/Pods-Messenger-resources.sh\"\n";
			showEnvVarsInLog = 0;
		};
		C1D5DC9268D33ACEEC5F7ACD /* [CP] Check Pods Manifest.lock */ = {
			isa = PBXShellScriptBuildPhase;
			buildActionMask = 2147483647;
			files = (
			);
			inputPaths = (
			);
			name = "[CP] Check Pods Manifest.lock";
			outputPaths = (
			);
			runOnlyForDeploymentPostprocessing = 0;
			shellPath = /bin/sh;
			shellScript = "diff \"${PODS_ROOT}/../Podfile.lock\" \"${PODS_ROOT}/Manifest.lock\" > /dev/null\nif [ $? != 0 ] ; then\n    # print error to STDERR\n    echo \"error: The sandbox is not in sync with the Podfile.lock. Run 'pod install' or update your CocoaPods installation.\" >&2\n    exit 1\nfi\n";
			showEnvVarsInLog = 0;
		};
		D954F3DB12E0ACD0A943F0B0 /* [CP] Embed Pods Frameworks */ = {
			isa = PBXShellScriptBuildPhase;
			buildActionMask = 2147483647;
			files = (
			);
			inputPaths = (
			);
			name = "[CP] Embed Pods Frameworks";
			outputPaths = (
			);
			runOnlyForDeploymentPostprocessing = 0;
			shellPath = /bin/sh;
			shellScript = "\"${SRCROOT}/Pods/Target Support Files/Pods-Messenger/Pods-Messenger-frameworks.sh\"\n";
			showEnvVarsInLog = 0;
		};
/* End PBXShellScriptBuildPhase section */

/* Begin PBXSourcesBuildPhase section */
		4B9863AA1F292A0600C2ED00 /* Sources */ = {
			isa = PBXSourcesBuildPhase;
			buildActionMask = 2147483647;
			files = (
				4B98F06F1F2A85E7003B1FB2 /* MessageCollectionViewCell.swift in Sources */,
				4B98F06D1F2A7012003B1FB2 /* ChatVC.swift in Sources */,
				4B6A305B1F292F1400973661 /* NickNameVC.swift in Sources */,
				4B6A30681F293E5800973661 /* Messages.swift in Sources */,
				4B6A306A1F293E5800973661 /* User.swift in Sources */,
				4B6A30691F293E5800973661 /* MessageServiceResponseModel.swift in Sources */,
				4B9863B21F292A0600C2ED00 /* AppDelegate.swift in Sources */,
			);
			runOnlyForDeploymentPostprocessing = 0;
		};
/* End PBXSourcesBuildPhase section */

/* Begin PBXVariantGroup section */
		4B9863B51F292A0600C2ED00 /* Main.storyboard */ = {
			isa = PBXVariantGroup;
			children = (
				4B9863B61F292A0600C2ED00 /* Base */,
			);
			name = Main.storyboard;
			sourceTree = "<group>";
		};
		4B9863BA1F292A0600C2ED00 /* LaunchScreen.storyboard */ = {
			isa = PBXVariantGroup;
			children = (
				4B9863BB1F292A0600C2ED00 /* Base */,
			);
			name = LaunchScreen.storyboard;
			sourceTree = "<group>";
		};
/* End PBXVariantGroup section */

/* Begin XCBuildConfiguration section */
		4B9863BE1F292A0600C2ED00 /* Debug */ = {
			isa = XCBuildConfiguration;
			buildSettings = {
				ALWAYS_SEARCH_USER_PATHS = NO;
				CLANG_ANALYZER_NONNULL = YES;
				CLANG_ANALYZER_NUMBER_OBJECT_CONVERSION = YES_AGGRESSIVE;
				CLANG_CXX_LANGUAGE_STANDARD = "gnu++0x";
				CLANG_CXX_LIBRARY = "libc++";
				CLANG_ENABLE_MODULES = YES;
				CLANG_ENABLE_OBJC_ARC = YES;
				CLANG_WARN_BOOL_CONVERSION = YES;
				CLANG_WARN_CONSTANT_CONVERSION = YES;
				CLANG_WARN_DIRECT_OBJC_ISA_USAGE = YES_ERROR;
				CLANG_WARN_DOCUMENTATION_COMMENTS = YES;
				CLANG_WARN_EMPTY_BODY = YES;
				CLANG_WARN_ENUM_CONVERSION = YES;
				CLANG_WARN_INFINITE_RECURSION = YES;
				CLANG_WARN_INT_CONVERSION = YES;
				CLANG_WARN_OBJC_ROOT_CLASS = YES_ERROR;
				CLANG_WARN_SUSPICIOUS_MOVE = YES;
				CLANG_WARN_UNREACHABLE_CODE = YES;
				CLANG_WARN__DUPLICATE_METHOD_MATCH = YES;
				"CODE_SIGN_IDENTITY[sdk=iphoneos*]" = "iPhone Developer";
				COPY_PHASE_STRIP = NO;
				DEBUG_INFORMATION_FORMAT = dwarf;
				ENABLE_STRICT_OBJC_MSGSEND = YES;
				ENABLE_TESTABILITY = YES;
				GCC_C_LANGUAGE_STANDARD = gnu99;
				GCC_DYNAMIC_NO_PIC = NO;
				GCC_NO_COMMON_BLOCKS = YES;
				GCC_OPTIMIZATION_LEVEL = 0;
				GCC_PREPROCESSOR_DEFINITIONS = (
					"DEBUG=1",
					"$(inherited)",
				);
				GCC_WARN_64_TO_32_BIT_CONVERSION = YES;
				GCC_WARN_ABOUT_RETURN_TYPE = YES_ERROR;
				GCC_WARN_UNDECLARED_SELECTOR = YES;
				GCC_WARN_UNINITIALIZED_AUTOS = YES_AGGRESSIVE;
				GCC_WARN_UNUSED_FUNCTION = YES;
				GCC_WARN_UNUSED_VARIABLE = YES;
				IPHONEOS_DEPLOYMENT_TARGET = 10.3;
				MTL_ENABLE_DEBUG_INFO = YES;
				ONLY_ACTIVE_ARCH = YES;
				SDKROOT = iphoneos;
				SWIFT_ACTIVE_COMPILATION_CONDITIONS = DEBUG;
				SWIFT_OPTIMIZATION_LEVEL = "-Onone";
				TARGETED_DEVICE_FAMILY = "1,2";
			};
			name = Debug;
		};
		4B9863BF1F292A0600C2ED00 /* Release */ = {
			isa = XCBuildConfiguration;
			buildSettings = {
				ALWAYS_SEARCH_USER_PATHS = NO;
				CLANG_ANALYZER_NONNULL = YES;
				CLANG_ANALYZER_NUMBER_OBJECT_CONVERSION = YES_AGGRESSIVE;
				CLANG_CXX_LANGUAGE_STANDARD = "gnu++0x";
				CLANG_CXX_LIBRARY = "libc++";
				CLANG_ENABLE_MODULES = YES;
				CLANG_ENABLE_OBJC_ARC = YES;
				CLANG_WARN_BOOL_CONVERSION = YES;
				CLANG_WARN_CONSTANT_CONVERSION = YES;
				CLANG_WARN_DIRECT_OBJC_ISA_USAGE = YES_ERROR;
				CLANG_WARN_DOCUMENTATION_COMMENTS = YES;
				CLANG_WARN_EMPTY_BODY = YES;
				CLANG_WARN_ENUM_CONVERSION = YES;
				CLANG_WARN_INFINITE_RECURSION = YES;
				CLANG_WARN_INT_CONVERSION = YES;
				CLANG_WARN_OBJC_ROOT_CLASS = YES_ERROR;
				CLANG_WARN_SUSPICIOUS_MOVE = YES;
				CLANG_WARN_UNREACHABLE_CODE = YES;
				CLANG_WARN__DUPLICATE_METHOD_MATCH = YES;
				"CODE_SIGN_IDENTITY[sdk=iphoneos*]" = "iPhone Developer";
				COPY_PHASE_STRIP = NO;
				DEBUG_INFORMATION_FORMAT = "dwarf-with-dsym";
				ENABLE_NS_ASSERTIONS = NO;
				ENABLE_STRICT_OBJC_MSGSEND = YES;
				GCC_C_LANGUAGE_STANDARD = gnu99;
				GCC_NO_COMMON_BLOCKS = YES;
				GCC_WARN_64_TO_32_BIT_CONVERSION = YES;
				GCC_WARN_ABOUT_RETURN_TYPE = YES_ERROR;
				GCC_WARN_UNDECLARED_SELECTOR = YES;
				GCC_WARN_UNINITIALIZED_AUTOS = YES_AGGRESSIVE;
				GCC_WARN_UNUSED_FUNCTION = YES;
				GCC_WARN_UNUSED_VARIABLE = YES;
				IPHONEOS_DEPLOYMENT_TARGET = 10.3;
				MTL_ENABLE_DEBUG_INFO = NO;
				SDKROOT = iphoneos;
				SWIFT_OPTIMIZATION_LEVEL = "-Owholemodule";
				TARGETED_DEVICE_FAMILY = "1,2";
				VALIDATE_PRODUCT = YES;
			};
			name = Release;
		};
		4B9863C11F292A0600C2ED00 /* Debug */ = {
			isa = XCBuildConfiguration;
			baseConfigurationReference = 1E580EB504CEB6D115339318 /* Pods-Messenger.debug.xcconfig */;
			buildSettings = {
				ASSETCATALOG_COMPILER_APPICON_NAME = AppIcon;
				INFOPLIST_FILE = Messenger/Info.plist;
				LD_RUNPATH_SEARCH_PATHS = "$(inherited) @executable_path/Frameworks";
				PRODUCT_BUNDLE_IDENTIFIER = com.mojilala.Messenger;
				PRODUCT_NAME = "$(TARGET_NAME)";
				SWIFT_VERSION = 3.0;
			};
			name = Debug;
		};
		4B9863C21F292A0600C2ED00 /* Release */ = {
			isa = XCBuildConfiguration;
			baseConfigurationReference = C39FC8AA19586B2ECF98A379 /* Pods-Messenger.release.xcconfig */;
			buildSettings = {
				ASSETCATALOG_COMPILER_APPICON_NAME = AppIcon;
				INFOPLIST_FILE = Messenger/Info.plist;
				LD_RUNPATH_SEARCH_PATHS = "$(inherited) @executable_path/Frameworks";
				PRODUCT_BUNDLE_IDENTIFIER = com.mojilala.Messenger;
				PRODUCT_NAME = "$(TARGET_NAME)";
				SWIFT_VERSION = 3.0;
			};
			name = Release;
		};
/* End XCBuildConfiguration section */

/* Begin XCConfigurationList section */
		4B9863A91F292A0600C2ED00 /* Build configuration list for PBXProject "Messenger" */ = {
			isa = XCConfigurationList;
			buildConfigurations = (
				4B9863BE1F292A0600C2ED00 /* Debug */,
				4B9863BF1F292A0600C2ED00 /* Release */,
			);
			defaultConfigurationIsVisible = 0;
			defaultConfigurationName = Release;
		};
		4B9863C01F292A0600C2ED00 /* Build configuration list for PBXNativeTarget "Messenger" */ = {
			isa = XCConfigurationList;
			buildConfigurations = (
				4B9863C11F292A0600C2ED00 /* Debug */,
				4B9863C21F292A0600C2ED00 /* Release */,
			);
			defaultConfigurationIsVisible = 0;
			defaultConfigurationName = Release;
		};
/* End XCConfigurationList section */
	};
	rootObject = 4B9863A61F292A0600C2ED00 /* Project object */;
}
